// !$*UTF8*$!
{
	archiveVersion = 1;
	classes = {
	};
	objectVersion = 51;
	objects = {

/* Begin PBXBuildFile section */
		6500098D24C3EEB1007D6BB3 /* UTabBarController.swift in Sources */ = {isa = PBXBuildFile; fileRef = 6500098C24C3EEB1007D6BB3 /* UTabBarController.swift */; };
		6500098F24C3EF8A007D6BB3 /* UNavigationController.swift in Sources */ = {isa = PBXBuildFile; fileRef = 6500098E24C3EF8A007D6BB3 /* UNavigationController.swift */; };
		6500099124C3F4AD007D6BB3 /* UIColorExtension.swift in Sources */ = {isa = PBXBuildFile; fileRef = 6500099024C3F4AD007D6BB3 /* UIColorExtension.swift */; };
		6500099424C3F6EF007D6BB3 /* UCateListViewController.swift in Sources */ = {isa = PBXBuildFile; fileRef = 6500099324C3F6EF007D6BB3 /* UCateListViewController.swift */; };
		6500099624C3F70F007D6BB3 /* UBaseViewController.swift in Sources */ = {isa = PBXBuildFile; fileRef = 6500099524C3F70F007D6BB3 /* UBaseViewController.swift */; };
		6500099824C3F753007D6BB3 /* Global.swift in Sources */ = {isa = PBXBuildFile; fileRef = 6500099724C3F753007D6BB3 /* Global.swift */; };
		65F21BD324C3E73D0062D930 /* AppDelegate.swift in Sources */ = {isa = PBXBuildFile; fileRef = 65F21BD224C3E73D0062D930 /* AppDelegate.swift */; };
		65F21BD524C3E73D0062D930 /* SceneDelegate.swift in Sources */ = {isa = PBXBuildFile; fileRef = 65F21BD424C3E73D0062D930 /* SceneDelegate.swift */; };
		65F21BD924C3E73E0062D930 /* Assets.xcassets in Resources */ = {isa = PBXBuildFile; fileRef = 65F21BD824C3E73E0062D930 /* Assets.xcassets */; };
		65F21BDC24C3E73E0062D930 /* Preview Assets.xcassets in Resources */ = {isa = PBXBuildFile; fileRef = 65F21BDB24C3E73E0062D930 /* Preview Assets.xcassets */; };
		65F21BDF24C3E73E0062D930 /* LaunchScreen.storyboard in Resources */ = {isa = PBXBuildFile; fileRef = 65F21BDD24C3E73E0062D930 /* LaunchScreen.storyboard */; };
		65F21BEA24C3E73E0062D930 /* youyaoqiTests.swift in Sources */ = {isa = PBXBuildFile; fileRef = 65F21BE924C3E73E0062D930 /* youyaoqiTests.swift */; };
		65F21BF524C3E73E0062D930 /* youyaoqiUITests.swift in Sources */ = {isa = PBXBuildFile; fileRef = 65F21BF424C3E73E0062D930 /* youyaoqiUITests.swift */; };
		AEA8AA73F21726FC48C5381F /* Pods_youyaoqi.framework in Frameworks */ = {isa = PBXBuildFile; fileRef = EA56212E1B30672CD779A271 /* Pods_youyaoqi.framework */; };
		D5A1439A24C5953B00F367FC /* UMineViewController.swift in Sources */ = {isa = PBXBuildFile; fileRef = D5A1439924C5953B00F367FC /* UMineViewController.swift */; };
		D5A1439D24C59D6700F367FC /* UIScrollView+ParallaxHeader.swift in Sources */ = {isa = PBXBuildFile; fileRef = D5A1439C24C59D6700F367FC /* UIScrollView+ParallaxHeader.swift */; };
		D5A1439F24C59D7F00F367FC /* ParallaxHeader.swift in Sources */ = {isa = PBXBuildFile; fileRef = D5A1439E24C59D7F00F367FC /* ParallaxHeader.swift */; };
		D5A143A124C59DA600F367FC /* ParallaxHeaderMode.swift in Sources */ = {isa = PBXBuildFile; fileRef = D5A143A024C59DA600F367FC /* ParallaxHeaderMode.swift */; };
		D5A143A324C59E0100F367FC /* UMineHead.swift in Sources */ = {isa = PBXBuildFile; fileRef = D5A143A224C59E0100F367FC /* UMineHead.swift */; };
		D5EFF5D624C552CC0069E9E9 /* UAPI.swift in Sources */ = {isa = PBXBuildFile; fileRef = D5EFF5D524C552CC0069E9E9 /* UAPI.swift */; };
		D5EFF5D924C553160069E9E9 /* UModel.swift in Sources */ = {isa = PBXBuildFile; fileRef = D5EFF5D824C553160069E9E9 /* UModel.swift */; };
		D5EFF5DC24C566500069E9E9 /* UEmptyDataSet.swift in Sources */ = {isa = PBXBuildFile; fileRef = D5EFF5DB24C566500069E9E9 /* UEmptyDataSet.swift */; };
		D5EFF5DF24C566B20069E9E9 /* URefresh.swift in Sources */ = {isa = PBXBuildFile; fileRef = D5EFF5DE24C566B20069E9E9 /* URefresh.swift */; };
		D5EFF5E324C567350069E9E9 /* UBaseCollectionViewCell.swift in Sources */ = {isa = PBXBuildFile; fileRef = D5EFF5E224C567350069E9E9 /* UBaseCollectionViewCell.swift */; };
		D5EFF5E524C5674F0069E9E9 /* URankCCell.swift in Sources */ = {isa = PBXBuildFile; fileRef = D5EFF5E424C5674F0069E9E9 /* URankCCell.swift */; };
		D5EFF5E724C567810069E9E9 /* UTopCCell.swift in Sources */ = {isa = PBXBuildFile; fileRef = D5EFF5E624C567810069E9E9 /* UTopCCell.swift */; };
		D5EFF5E924C56AEB0069E9E9 /* UPageViewController.swift in Sources */ = {isa = PBXBuildFile; fileRef = D5EFF5E824C56AEB0069E9E9 /* UPageViewController.swift */; };
		D5EFF5F024C56DB00069E9E9 /* USearchTHead.swift in Sources */ = {isa = PBXBuildFile; fileRef = D5EFF5EF24C56DB00069E9E9 /* USearchTHead.swift */; };
		D5EFF5F224C56DC40069E9E9 /* USearchTFoot.swift in Sources */ = {isa = PBXBuildFile; fileRef = D5EFF5F124C56DC40069E9E9 /* USearchTFoot.swift */; };
		D5EFF5F424C56DF10069E9E9 /* UBaseTableViewHeaderFooterView.swift in Sources */ = {isa = PBXBuildFile; fileRef = D5EFF5F324C56DF10069E9E9 /* UBaseTableViewHeaderFooterView.swift */; };
		D5EFF5F724C56E350069E9E9 /* UCollectionViewAlignedLayout.swift in Sources */ = {isa = PBXBuildFile; fileRef = D5EFF5F624C56E350069E9E9 /* UCollectionViewAlignedLayout.swift */; };
		D5EFF5F924C56E460069E9E9 /* UCollectionViewSectionBackgroundLayout.swift in Sources */ = {isa = PBXBuildFile; fileRef = D5EFF5F824C56E460069E9E9 /* UCollectionViewSectionBackgroundLayout.swift */; };
		D5EFF5FB24C56EA70069E9E9 /* UBaseTableViewCell.swift in Sources */ = {isa = PBXBuildFile; fileRef = D5EFF5FA24C56EA70069E9E9 /* UBaseTableViewCell.swift */; };
/* End PBXBuildFile section */

/* Begin PBXContainerItemProxy section */
		65F21BE624C3E73E0062D930 /* PBXContainerItemProxy */ = {
			isa = PBXContainerItemProxy;
			containerPortal = 65F21BC724C3E73D0062D930 /* Project object */;
			proxyType = 1;
			remoteGlobalIDString = 65F21BCE24C3E73D0062D930;
			remoteInfo = youyaoqi;
		};
		65F21BF124C3E73E0062D930 /* PBXContainerItemProxy */ = {
			isa = PBXContainerItemProxy;
			containerPortal = 65F21BC724C3E73D0062D930 /* Project object */;
			proxyType = 1;
			remoteGlobalIDString = 65F21BCE24C3E73D0062D930;
			remoteInfo = youyaoqi;
		};
/* End PBXContainerItemProxy section */

/* Begin PBXFileReference section */
		6500098C24C3EEB1007D6BB3 /* UTabBarController.swift */ = {isa = PBXFileReference; lastKnownFileType = sourcecode.swift; path = UTabBarController.swift; sourceTree = "<group>"; };
		6500098E24C3EF8A007D6BB3 /* UNavigationController.swift */ = {isa = PBXFileReference; lastKnownFileType = sourcecode.swift; path = UNavigationController.swift; sourceTree = "<group>"; };
		6500099024C3F4AD007D6BB3 /* UIColorExtension.swift */ = {isa = PBXFileReference; lastKnownFileType = sourcecode.swift; path = UIColorExtension.swift; sourceTree = "<group>"; };
		6500099324C3F6EF007D6BB3 /* UCateListViewController.swift */ = {isa = PBXFileReference; lastKnownFileType = sourcecode.swift; path = UCateListViewController.swift; sourceTree = "<group>"; };
		6500099524C3F70F007D6BB3 /* UBaseViewController.swift */ = {isa = PBXFileReference; lastKnownFileType = sourcecode.swift; path = UBaseViewController.swift; sourceTree = "<group>"; };
		6500099724C3F753007D6BB3 /* Global.swift */ = {isa = PBXFileReference; lastKnownFileType = sourcecode.swift; path = Global.swift; sourceTree = "<group>"; };
		65F21BCF24C3E73D0062D930 /* youyaoqi.app */ = {isa = PBXFileReference; explicitFileType = wrapper.application; includeInIndex = 0; path = youyaoqi.app; sourceTree = BUILT_PRODUCTS_DIR; };
		65F21BD224C3E73D0062D930 /* AppDelegate.swift */ = {isa = PBXFileReference; lastKnownFileType = sourcecode.swift; path = AppDelegate.swift; sourceTree = "<group>"; };
		65F21BD424C3E73D0062D930 /* SceneDelegate.swift */ = {isa = PBXFileReference; lastKnownFileType = sourcecode.swift; path = SceneDelegate.swift; sourceTree = "<group>"; };
		65F21BD824C3E73E0062D930 /* Assets.xcassets */ = {isa = PBXFileReference; lastKnownFileType = folder.assetcatalog; path = Assets.xcassets; sourceTree = "<group>"; };
		65F21BDB24C3E73E0062D930 /* Preview Assets.xcassets */ = {isa = PBXFileReference; lastKnownFileType = folder.assetcatalog; path = "Preview Assets.xcassets"; sourceTree = "<group>"; };
		65F21BDE24C3E73E0062D930 /* Base */ = {isa = PBXFileReference; lastKnownFileType = file.storyboard; name = Base; path = Base.lproj/LaunchScreen.storyboard; sourceTree = "<group>"; };
		65F21BE024C3E73E0062D930 /* Info.plist */ = {isa = PBXFileReference; lastKnownFileType = text.plist.xml; path = Info.plist; sourceTree = "<group>"; };
		65F21BE524C3E73E0062D930 /* youyaoqiTests.xctest */ = {isa = PBXFileReference; explicitFileType = wrapper.cfbundle; includeInIndex = 0; path = youyaoqiTests.xctest; sourceTree = BUILT_PRODUCTS_DIR; };
		65F21BE924C3E73E0062D930 /* youyaoqiTests.swift */ = {isa = PBXFileReference; lastKnownFileType = sourcecode.swift; path = youyaoqiTests.swift; sourceTree = "<group>"; };
		65F21BEB24C3E73E0062D930 /* Info.plist */ = {isa = PBXFileReference; lastKnownFileType = text.plist.xml; path = Info.plist; sourceTree = "<group>"; };
		65F21BF024C3E73E0062D930 /* youyaoqiUITests.xctest */ = {isa = PBXFileReference; explicitFileType = wrapper.cfbundle; includeInIndex = 0; path = youyaoqiUITests.xctest; sourceTree = BUILT_PRODUCTS_DIR; };
		65F21BF424C3E73E0062D930 /* youyaoqiUITests.swift */ = {isa = PBXFileReference; lastKnownFileType = sourcecode.swift; path = youyaoqiUITests.swift; sourceTree = "<group>"; };
		65F21BF624C3E73E0062D930 /* Info.plist */ = {isa = PBXFileReference; lastKnownFileType = text.plist.xml; path = Info.plist; sourceTree = "<group>"; };
		D5A1439924C5953B00F367FC /* UMineViewController.swift */ = {isa = PBXFileReference; lastKnownFileType = sourcecode.swift; path = UMineViewController.swift; sourceTree = "<group>"; };
		D5A1439C24C59D6700F367FC /* UIScrollView+ParallaxHeader.swift */ = {isa = PBXFileReference; lastKnownFileType = sourcecode.swift; path = "UIScrollView+ParallaxHeader.swift"; sourceTree = "<group>"; };
		D5A1439E24C59D7F00F367FC /* ParallaxHeader.swift */ = {isa = PBXFileReference; lastKnownFileType = sourcecode.swift; path = ParallaxHeader.swift; sourceTree = "<group>"; };
		D5A143A024C59DA600F367FC /* ParallaxHeaderMode.swift */ = {isa = PBXFileReference; lastKnownFileType = sourcecode.swift; path = ParallaxHeaderMode.swift; sourceTree = "<group>"; };
		D5A143A224C59E0100F367FC /* UMineHead.swift */ = {isa = PBXFileReference; lastKnownFileType = sourcecode.swift; path = UMineHead.swift; sourceTree = "<group>"; };
		D5EFF5D524C552CC0069E9E9 /* UAPI.swift */ = {isa = PBXFileReference; lastKnownFileType = sourcecode.swift; path = UAPI.swift; sourceTree = "<group>"; };
		D5EFF5D824C553160069E9E9 /* UModel.swift */ = {isa = PBXFileReference; lastKnownFileType = sourcecode.swift; path = UModel.swift; sourceTree = "<group>"; };
		D5EFF5DB24C566500069E9E9 /* UEmptyDataSet.swift */ = {isa = PBXFileReference; lastKnownFileType = sourcecode.swift; name = UEmptyDataSet.swift; path = youyaoqi/Component/EmptyDataSet/UEmptyDataSet.swift; sourceTree = SOURCE_ROOT; };
		D5EFF5DE24C566B20069E9E9 /* URefresh.swift */ = {isa = PBXFileReference; lastKnownFileType = sourcecode.swift; path = URefresh.swift; sourceTree = "<group>"; };
		D5EFF5E224C567350069E9E9 /* UBaseCollectionViewCell.swift */ = {isa = PBXFileReference; lastKnownFileType = sourcecode.swift; name = UBaseCollectionViewCell.swift; path = youyaoqi/Component/Refresh/UBaseCollectionViewCell.swift; sourceTree = SOURCE_ROOT; };
		D5EFF5E424C5674F0069E9E9 /* URankCCell.swift */ = {isa = PBXFileReference; lastKnownFileType = sourcecode.swift; path = URankCCell.swift; sourceTree = "<group>"; };
		D5EFF5E624C567810069E9E9 /* UTopCCell.swift */ = {isa = PBXFileReference; lastKnownFileType = sourcecode.swift; path = UTopCCell.swift; sourceTree = "<group>"; };
		D5EFF5E824C56AEB0069E9E9 /* UPageViewController.swift */ = {isa = PBXFileReference; lastKnownFileType = sourcecode.swift; path = UPageViewController.swift; sourceTree = "<group>"; };
		D5EFF5EF24C56DB00069E9E9 /* USearchTHead.swift */ = {isa = PBXFileReference; lastKnownFileType = sourcecode.swift; path = USearchTHead.swift; sourceTree = "<group>"; };
		D5EFF5F124C56DC40069E9E9 /* USearchTFoot.swift */ = {isa = PBXFileReference; lastKnownFileType = sourcecode.swift; path = USearchTFoot.swift; sourceTree = "<group>"; };
		D5EFF5F324C56DF10069E9E9 /* UBaseTableViewHeaderFooterView.swift */ = {isa = PBXFileReference; lastKnownFileType = sourcecode.swift; name = UBaseTableViewHeaderFooterView.swift; path = youyaoqi/Procedure/Search/View/UBaseTableViewHeaderFooterView.swift; sourceTree = SOURCE_ROOT; };
		D5EFF5F624C56E350069E9E9 /* UCollectionViewAlignedLayout.swift */ = {isa = PBXFileReference; lastKnownFileType = sourcecode.swift; path = UCollectionViewAlignedLayout.swift; sourceTree = "<group>"; };
		D5EFF5F824C56E460069E9E9 /* UCollectionViewSectionBackgroundLayout.swift */ = {isa = PBXFileReference; lastKnownFileType = sourcecode.swift; path = UCollectionViewSectionBackgroundLayout.swift; sourceTree = "<group>"; };
		D5EFF5FA24C56EA70069E9E9 /* UBaseTableViewCell.swift */ = {isa = PBXFileReference; lastKnownFileType = sourcecode.swift; name = UBaseTableViewCell.swift; path = youyaoqi/Component/CollectionViewLayout/UBaseTableViewCell.swift; sourceTree = SOURCE_ROOT; };
		D894F94FDD87EE94810986B7 /* Pods-youyaoqi.debug.xcconfig */ = {isa = PBXFileReference; includeInIndex = 1; lastKnownFileType = text.xcconfig; name = "Pods-youyaoqi.debug.xcconfig"; path = "Target Support Files/Pods-youyaoqi/Pods-youyaoqi.debug.xcconfig"; sourceTree = "<group>"; };
		DBD9B1FA68F93FB12B957E12 /* Pods-youyaoqi.release.xcconfig */ = {isa = PBXFileReference; includeInIndex = 1; lastKnownFileType = text.xcconfig; name = "Pods-youyaoqi.release.xcconfig"; path = "Target Support Files/Pods-youyaoqi/Pods-youyaoqi.release.xcconfig"; sourceTree = "<group>"; };
		EA56212E1B30672CD779A271 /* Pods_youyaoqi.framework */ = {isa = PBXFileReference; explicitFileType = wrapper.framework; includeInIndex = 0; path = Pods_youyaoqi.framework; sourceTree = BUILT_PRODUCTS_DIR; };
/* End PBXFileReference section */

/* Begin PBXFrameworksBuildPhase section */
		65F21BCC24C3E73D0062D930 /* Frameworks */ = {
			isa = PBXFrameworksBuildPhase;
			buildActionMask = 2147483647;
			files = (
				AEA8AA73F21726FC48C5381F /* Pods_youyaoqi.framework in Frameworks */,
			);
			runOnlyForDeploymentPostprocessing = 0;
		};
		65F21BE224C3E73E0062D930 /* Frameworks */ = {
			isa = PBXFrameworksBuildPhase;
			buildActionMask = 2147483647;
			files = (
			);
			runOnlyForDeploymentPostprocessing = 0;
		};
		65F21BED24C3E73E0062D930 /* Frameworks */ = {
			isa = PBXFrameworksBuildPhase;
			buildActionMask = 2147483647;
			files = (
			);
			runOnlyForDeploymentPostprocessing = 0;
		};
/* End PBXFrameworksBuildPhase section */

/* Begin PBXGroup section */
		29C838551AC6226F8AF87323 /* Frameworks */ = {
			isa = PBXGroup;
			children = (
				EA56212E1B30672CD779A271 /* Pods_youyaoqi.framework */,
			);
			name = Frameworks;
			sourceTree = "<group>";
		};
		6500098524C3ECF4007D6BB3 /* Procedure */ = {
			isa = PBXGroup;
			children = (
				D5A1439524C5950A00F367FC /* Mine */,
				D5EFF5EA24C56CBF0069E9E9 /* Search */,
				6500099224C3F6E5007D6BB3 /* Cate */,
				6500098924C3EE8B007D6BB3 /* Base */,
				65F21BD224C3E73D0062D930 /* AppDelegate.swift */,
				6500099724C3F753007D6BB3 /* Global.swift */,
			);
			path = Procedure;
			sourceTree = "<group>";
		};
		6500098624C3ED07007D6BB3 /* API */ = {
			isa = PBXGroup;
			children = (
				D5EFF5D524C552CC0069E9E9 /* UAPI.swift */,
			);
			path = API;
			sourceTree = "<group>";
		};
		6500098724C3ED11007D6BB3 /* Component */ = {
			isa = PBXGroup;
			children = (
				D5A1439B24C59D5C00F367FC /* ParallaxHeader */,
				D5EFF5F524C56E2C0069E9E9 /* CollectionViewLayout */,
				D5EFF5DD24C566A80069E9E9 /* Refresh */,
				D5EFF5DA24C566250069E9E9 /* EmptyDataSet */,
			);
			path = Component;
			sourceTree = "<group>";
		};
		6500098824C3ED19007D6BB3 /* Extension */ = {
			isa = PBXGroup;
			children = (
				6500099024C3F4AD007D6BB3 /* UIColorExtension.swift */,
			);
			path = Extension;
			sourceTree = "<group>";
		};
		6500098924C3EE8B007D6BB3 /* Base */ = {
			isa = PBXGroup;
			children = (
				6500098B24C3EE98007D6BB3 /* ViewController */,
				6500098A24C3EE94007D6BB3 /* View */,
			);
			path = Base;
			sourceTree = "<group>";
		};
		6500098A24C3EE94007D6BB3 /* View */ = {
			isa = PBXGroup;
			children = (
				D5EFF5E224C567350069E9E9 /* UBaseCollectionViewCell.swift */,
				D5EFF5F324C56DF10069E9E9 /* UBaseTableViewHeaderFooterView.swift */,
				D5EFF5FA24C56EA70069E9E9 /* UBaseTableViewCell.swift */,
			);
			path = View;
			sourceTree = "<group>";
		};
		6500098B24C3EE98007D6BB3 /* ViewController */ = {
			isa = PBXGroup;
			children = (
				6500098C24C3EEB1007D6BB3 /* UTabBarController.swift */,
				6500098E24C3EF8A007D6BB3 /* UNavigationController.swift */,
				D5EFF5E824C56AEB0069E9E9 /* UPageViewController.swift */,
			);
			path = ViewController;
			sourceTree = "<group>";
		};
		6500099224C3F6E5007D6BB3 /* Cate */ = {
			isa = PBXGroup;
			children = (
				D5EFF5E124C567100069E9E9 /* ViewController */,
				D5EFF5E024C5670A0069E9E9 /* View */,
			);
			path = Cate;
			sourceTree = "<group>";
		};
		65F21BC624C3E73D0062D930 = {
			isa = PBXGroup;
			children = (
				65F21BD124C3E73D0062D930 /* youyaoqi */,
				65F21BE824C3E73E0062D930 /* youyaoqiTests */,
				65F21BF324C3E73E0062D930 /* youyaoqiUITests */,
				65F21BD024C3E73D0062D930 /* Products */,
				B5AEEEF70B386380FBBF3916 /* Pods */,
				29C838551AC6226F8AF87323 /* Frameworks */,
			);
			sourceTree = "<group>";
		};
		65F21BD024C3E73D0062D930 /* Products */ = {
			isa = PBXGroup;
			children = (
				65F21BCF24C3E73D0062D930 /* youyaoqi.app */,
				65F21BE524C3E73E0062D930 /* youyaoqiTests.xctest */,
				65F21BF024C3E73E0062D930 /* youyaoqiUITests.xctest */,
			);
			name = Products;
			sourceTree = "<group>";
		};
		65F21BD124C3E73D0062D930 /* youyaoqi */ = {
			isa = PBXGroup;
			children = (
				D5EFF5D724C553060069E9E9 /* Model */,
				6500098824C3ED19007D6BB3 /* Extension */,
				6500098724C3ED11007D6BB3 /* Component */,
				6500098624C3ED07007D6BB3 /* API */,
				6500098524C3ECF4007D6BB3 /* Procedure */,
				65F21BD424C3E73D0062D930 /* SceneDelegate.swift */,
				65F21BD824C3E73E0062D930 /* Assets.xcassets */,
				65F21BDD24C3E73E0062D930 /* LaunchScreen.storyboard */,
				65F21BE024C3E73E0062D930 /* Info.plist */,
				65F21BDA24C3E73E0062D930 /* Preview Content */,
			);
			path = youyaoqi;
			sourceTree = "<group>";
		};
		65F21BDA24C3E73E0062D930 /* Preview Content */ = {
			isa = PBXGroup;
			children = (
				65F21BDB24C3E73E0062D930 /* Preview Assets.xcassets */,
			);
			path = "Preview Content";
			sourceTree = "<group>";
		};
		65F21BE824C3E73E0062D930 /* youyaoqiTests */ = {
			isa = PBXGroup;
			children = (
				65F21BE924C3E73E0062D930 /* youyaoqiTests.swift */,
				65F21BEB24C3E73E0062D930 /* Info.plist */,
			);
			path = youyaoqiTests;
			sourceTree = "<group>";
		};
		65F21BF324C3E73E0062D930 /* youyaoqiUITests */ = {
			isa = PBXGroup;
			children = (
				65F21BF424C3E73E0062D930 /* youyaoqiUITests.swift */,
				65F21BF624C3E73E0062D930 /* Info.plist */,
			);
			path = youyaoqiUITests;
			sourceTree = "<group>";
		};
		B5AEEEF70B386380FBBF3916 /* Pods */ = {
			isa = PBXGroup;
			children = (
				D894F94FDD87EE94810986B7 /* Pods-youyaoqi.debug.xcconfig */,
				DBD9B1FA68F93FB12B957E12 /* Pods-youyaoqi.release.xcconfig */,
			);
			path = Pods;
			sourceTree = "<group>";
		};
		D5A1439524C5950A00F367FC /* Mine */ = {
			isa = PBXGroup;
			children = (
				D5A1439724C5952000F367FC /* ViewController */,
				D5A1439624C5951A00F367FC /* View */,
			);
			path = Mine;
			sourceTree = "<group>";
		};
		D5A1439624C5951A00F367FC /* View */ = {
			isa = PBXGroup;
			children = (
				D5A143A224C59E0100F367FC /* UMineHead.swift */,
			);
			path = View;
			sourceTree = "<group>";
		};
		D5A1439724C5952000F367FC /* ViewController */ = {
			isa = PBXGroup;
			children = (
				D5A1439924C5953B00F367FC /* UMineViewController.swift */,
			);
			path = ViewController;
			sourceTree = "<group>";
		};
		D5A1439B24C59D5C00F367FC /* ParallaxHeader */ = {
			isa = PBXGroup;
			children = (
				D5A1439C24C59D6700F367FC /* UIScrollView+ParallaxHeader.swift */,
				D5A1439E24C59D7F00F367FC /* ParallaxHeader.swift */,
				D5A143A024C59DA600F367FC /* ParallaxHeaderMode.swift */,
			);
			path = ParallaxHeader;
			sourceTree = "<group>";
		};
		D5EFF5D724C553060069E9E9 /* Model */ = {
			isa = PBXGroup;
			children = (
				D5EFF5D824C553160069E9E9 /* UModel.swift */,
			);
			path = Model;
			sourceTree = "<group>";
		};
		D5EFF5DA24C566250069E9E9 /* EmptyDataSet */ = {
			isa = PBXGroup;
			children = (
				D5EFF5DB24C566500069E9E9 /* UEmptyDataSet.swift */,
			);
			name = EmptyDataSet;
			path = youyaoqi/Component/EmptyDataSet;
			sourceTree = "<group>";
		};
		D5EFF5DD24C566A80069E9E9 /* Refresh */ = {
			isa = PBXGroup;
			children = (
				D5EFF5DE24C566B20069E9E9 /* URefresh.swift */,
			);
			path = Refresh;
			sourceTree = "<group>";
		};
		D5EFF5E024C5670A0069E9E9 /* View */ = {
			isa = PBXGroup;
			children = (
				D5EFF5E424C5674F0069E9E9 /* URankCCell.swift */,
				D5EFF5E624C567810069E9E9 /* UTopCCell.swift */,
			);
			path = View;
			sourceTree = "<group>";
		};
		D5EFF5E124C567100069E9E9 /* ViewController */ = {
			isa = PBXGroup;
			children = (
				6500099324C3F6EF007D6BB3 /* UCateListViewController.swift */,
				6500099524C3F70F007D6BB3 /* UBaseViewController.swift */,
			);
			path = ViewController;
			sourceTree = "<group>";
		};
		D5EFF5EA24C56CBF0069E9E9 /* Search */ = {
			isa = PBXGroup;
			children = (
				D5EFF5EC24C56CD50069E9E9 /* ViewController */,
				D5EFF5EB24C56CC90069E9E9 /* View */,
			);
			path = Search;
			sourceTree = "<group>";
		};
		D5EFF5EB24C56CC90069E9E9 /* View */ = {
			isa = PBXGroup;
			children = (
				D5EFF5EF24C56DB00069E9E9 /* USearchTHead.swift */,
				D5EFF5F124C56DC40069E9E9 /* USearchTFoot.swift */,
			);
			path = View;
			sourceTree = "<group>";
		};
		D5EFF5EC24C56CD50069E9E9 /* ViewController */ = {
			isa = PBXGroup;
			children = (
			);
			path = ViewController;
			sourceTree = "<group>";
		};
		D5EFF5F524C56E2C0069E9E9 /* CollectionViewLayout */ = {
			isa = PBXGroup;
			children = (
				D5EFF5F624C56E350069E9E9 /* UCollectionViewAlignedLayout.swift */,
				D5EFF5F824C56E460069E9E9 /* UCollectionViewSectionBackgroundLayout.swift */,
			);
			path = CollectionViewLayout;
			sourceTree = "<group>";
		};
/* End PBXGroup section */

/* Begin PBXNativeTarget section */
		65F21BCE24C3E73D0062D930 /* youyaoqi */ = {
			isa = PBXNativeTarget;
			buildConfigurationList = 65F21BF924C3E73E0062D930 /* Build configuration list for PBXNativeTarget "youyaoqi" */;
			buildPhases = (
				1998545C1141D06C78D08B28 /* [CP] Check Pods Manifest.lock */,
				65F21BCB24C3E73D0062D930 /* Sources */,
				65F21BCC24C3E73D0062D930 /* Frameworks */,
				65F21BCD24C3E73D0062D930 /* Resources */,
				62D7A61D021B78CE1B8492CC /* [CP] Embed Pods Frameworks */,
			);
			buildRules = (
			);
			dependencies = (
			);
			name = youyaoqi;
			productName = youyaoqi;
			productReference = 65F21BCF24C3E73D0062D930 /* youyaoqi.app */;
			productType = "com.apple.product-type.application";
		};
		65F21BE424C3E73E0062D930 /* youyaoqiTests */ = {
			isa = PBXNativeTarget;
			buildConfigurationList = 65F21BFC24C3E73E0062D930 /* Build configuration list for PBXNativeTarget "youyaoqiTests" */;
			buildPhases = (
				65F21BE124C3E73E0062D930 /* Sources */,
				65F21BE224C3E73E0062D930 /* Frameworks */,
				65F21BE324C3E73E0062D930 /* Resources */,
			);
			buildRules = (
			);
			dependencies = (
				65F21BE724C3E73E0062D930 /* PBXTargetDependency */,
			);
			name = youyaoqiTests;
			productName = youyaoqiTests;
			productReference = 65F21BE524C3E73E0062D930 /* youyaoqiTests.xctest */;
			productType = "com.apple.product-type.bundle.unit-test";
		};
		65F21BEF24C3E73E0062D930 /* youyaoqiUITests */ = {
			isa = PBXNativeTarget;
			buildConfigurationList = 65F21BFF24C3E73E0062D930 /* Build configuration list for PBXNativeTarget "youyaoqiUITests" */;
			buildPhases = (
				65F21BEC24C3E73E0062D930 /* Sources */,
				65F21BED24C3E73E0062D930 /* Frameworks */,
				65F21BEE24C3E73E0062D930 /* Resources */,
			);
			buildRules = (
			);
			dependencies = (
				65F21BF224C3E73E0062D930 /* PBXTargetDependency */,
			);
			name = youyaoqiUITests;
			productName = youyaoqiUITests;
			productReference = 65F21BF024C3E73E0062D930 /* youyaoqiUITests.xctest */;
			productType = "com.apple.product-type.bundle.ui-testing";
		};
/* End PBXNativeTarget section */

/* Begin PBXProject section */
		65F21BC724C3E73D0062D930 /* Project object */ = {
			isa = PBXProject;
			attributes = {
				LastSwiftUpdateCheck = 1110;
				LastUpgradeCheck = 1110;
				ORGANIZATIONNAME = lucio;
				TargetAttributes = {
					65F21BCE24C3E73D0062D930 = {
						CreatedOnToolsVersion = 11.1;
					};
					65F21BE424C3E73E0062D930 = {
						CreatedOnToolsVersion = 11.1;
						TestTargetID = 65F21BCE24C3E73D0062D930;
					};
					65F21BEF24C3E73E0062D930 = {
						CreatedOnToolsVersion = 11.1;
						TestTargetID = 65F21BCE24C3E73D0062D930;
					};
				};
			};
			buildConfigurationList = 65F21BCA24C3E73D0062D930 /* Build configuration list for PBXProject "youyaoqi" */;
			compatibilityVersion = "Xcode 9.3";
			developmentRegion = en;
			hasScannedForEncodings = 0;
			knownRegions = (
				en,
				Base,
			);
			mainGroup = 65F21BC624C3E73D0062D930;
			productRefGroup = 65F21BD024C3E73D0062D930 /* Products */;
			projectDirPath = "";
			projectRoot = "";
			targets = (
				65F21BCE24C3E73D0062D930 /* youyaoqi */,
				65F21BE424C3E73E0062D930 /* youyaoqiTests */,
				65F21BEF24C3E73E0062D930 /* youyaoqiUITests */,
			);
		};
/* End PBXProject section */

/* Begin PBXResourcesBuildPhase section */
		65F21BCD24C3E73D0062D930 /* Resources */ = {
			isa = PBXResourcesBuildPhase;
			buildActionMask = 2147483647;
			files = (
				65F21BDF24C3E73E0062D930 /* LaunchScreen.storyboard in Resources */,
				65F21BDC24C3E73E0062D930 /* Preview Assets.xcassets in Resources */,
				65F21BD924C3E73E0062D930 /* Assets.xcassets in Resources */,
			);
			runOnlyForDeploymentPostprocessing = 0;
		};
		65F21BE324C3E73E0062D930 /* Resources */ = {
			isa = PBXResourcesBuildPhase;
			buildActionMask = 2147483647;
			files = (
			);
			runOnlyForDeploymentPostprocessing = 0;
		};
		65F21BEE24C3E73E0062D930 /* Resources */ = {
			isa = PBXResourcesBuildPhase;
			buildActionMask = 2147483647;
			files = (
			);
			runOnlyForDeploymentPostprocessing = 0;
		};
/* End PBXResourcesBuildPhase section */

/* Begin PBXShellScriptBuildPhase section */
		1998545C1141D06C78D08B28 /* [CP] Check Pods Manifest.lock */ = {
			isa = PBXShellScriptBuildPhase;
			buildActionMask = 2147483647;
			files = (
			);
			inputFileListPaths = (
			);
			inputPaths = (
				"${PODS_PODFILE_DIR_PATH}/Podfile.lock",
				"${PODS_ROOT}/Manifest.lock",
			);
			name = "[CP] Check Pods Manifest.lock";
			outputFileListPaths = (
			);
			outputPaths = (
				"$(DERIVED_FILE_DIR)/Pods-youyaoqi-checkManifestLockResult.txt",
			);
			runOnlyForDeploymentPostprocessing = 0;
			shellPath = /bin/sh;
			shellScript = "diff \"${PODS_PODFILE_DIR_PATH}/Podfile.lock\" \"${PODS_ROOT}/Manifest.lock\" > /dev/null\nif [ $? != 0 ] ; then\n    # print error to STDERR\n    echo \"error: The sandbox is not in sync with the Podfile.lock. Run 'pod install' or update your CocoaPods installation.\" >&2\n    exit 1\nfi\n# This output is used by Xcode 'outputs' to avoid re-running this script phase.\necho \"SUCCESS\" > \"${SCRIPT_OUTPUT_FILE_0}\"\n";
			showEnvVarsInLog = 0;
		};
		62D7A61D021B78CE1B8492CC /* [CP] Embed Pods Frameworks */ = {
			isa = PBXShellScriptBuildPhase;
			buildActionMask = 2147483647;
			files = (
			);
			inputFileListPaths = (
				"${PODS_ROOT}/Target Support Files/Pods-youyaoqi/Pods-youyaoqi-frameworks-${CONFIGURATION}-input-files.xcfilelist",
			);
			name = "[CP] Embed Pods Frameworks";
			outputFileListPaths = (
				"${PODS_ROOT}/Target Support Files/Pods-youyaoqi/Pods-youyaoqi-frameworks-${CONFIGURATION}-output-files.xcfilelist",
			);
			runOnlyForDeploymentPostprocessing = 0;
			shellPath = /bin/sh;
			shellScript = "\"${PODS_ROOT}/Target Support Files/Pods-youyaoqi/Pods-youyaoqi-frameworks.sh\"\n";
			showEnvVarsInLog = 0;
		};
/* End PBXShellScriptBuildPhase section */

/* Begin PBXSourcesBuildPhase section */
		65F21BCB24C3E73D0062D930 /* Sources */ = {
			isa = PBXSourcesBuildPhase;
			buildActionMask = 2147483647;
			files = (
				D5EFF5F724C56E350069E9E9 /* UCollectionViewAlignedLayout.swift in Sources */,
				D5EFF5F224C56DC40069E9E9 /* USearchTFoot.swift in Sources */,
				65F21BD324C3E73D0062D930 /* AppDelegate.swift in Sources */,
				D5EFF5E524C5674F0069E9E9 /* URankCCell.swift in Sources */,
				D5A143A324C59E0100F367FC /* UMineHead.swift in Sources */,
				D5EFF5DC24C566500069E9E9 /* UEmptyDataSet.swift in Sources */,
				D5EFF5E324C567350069E9E9 /* UBaseCollectionViewCell.swift in Sources */,
				D5A1439A24C5953B00F367FC /* UMineViewController.swift in Sources */,
				65F21BD524C3E73D0062D930 /* SceneDelegate.swift in Sources */,
				D5EFF5E924C56AEB0069E9E9 /* UPageViewController.swift in Sources */,
				D5EFF5E724C567810069E9E9 /* UTopCCell.swift in Sources */,
				6500099624C3F70F007D6BB3 /* UBaseViewController.swift in Sources */,
				D5EFF5D924C553160069E9E9 /* UModel.swift in Sources */,
				D5EFF5D624C552CC0069E9E9 /* UAPI.swift in Sources */,
				D5EFF5F024C56DB00069E9E9 /* USearchTHead.swift in Sources */,
				6500098F24C3EF8A007D6BB3 /* UNavigationController.swift in Sources */,
				D5A1439D24C59D6700F367FC /* UIScrollView+ParallaxHeader.swift in Sources */,
				6500098D24C3EEB1007D6BB3 /* UTabBarController.swift in Sources */,
				6500099424C3F6EF007D6BB3 /* UCateListViewController.swift in Sources */,
				D5EFF5FB24C56EA70069E9E9 /* UBaseTableViewCell.swift in Sources */,
				D5A1439F24C59D7F00F367FC /* ParallaxHeader.swift in Sources */,
				D5A143A124C59DA600F367FC /* ParallaxHeaderMode.swift in Sources */,
				D5EFF5DF24C566B20069E9E9 /* URefresh.swift in Sources */,
				D5EFF5F924C56E460069E9E9 /* UCollectionViewSectionBackgroundLayout.swift in Sources */,
				D5EFF5F424C56DF10069E9E9 /* UBaseTableViewHeaderFooterView.swift in Sources */,
				6500099124C3F4AD007D6BB3 /* UIColorExtension.swift in Sources */,
				6500099824C3F753007D6BB3 /* Global.swift in Sources */,
			);
			runOnlyForDeploymentPostprocessing = 0;
		};
		65F21BE124C3E73E0062D930 /* Sources */ = {
			isa = PBXSourcesBuildPhase;
			buildActionMask = 2147483647;
			files = (
				65F21BEA24C3E73E0062D930 /* youyaoqiTests.swift in Sources */,
			);
			runOnlyForDeploymentPostprocessing = 0;
		};
		65F21BEC24C3E73E0062D930 /* Sources */ = {
			isa = PBXSourcesBuildPhase;
			buildActionMask = 2147483647;
			files = (
				65F21BF524C3E73E0062D930 /* youyaoqiUITests.swift in Sources */,
			);
			runOnlyForDeploymentPostprocessing = 0;
		};
/* End PBXSourcesBuildPhase section */

/* Begin PBXTargetDependency section */
		65F21BE724C3E73E0062D930 /* PBXTargetDependency */ = {
			isa = PBXTargetDependency;
			target = 65F21BCE24C3E73D0062D930 /* youyaoqi */;
			targetProxy = 65F21BE624C3E73E0062D930 /* PBXContainerItemProxy */;
		};
		65F21BF224C3E73E0062D930 /* PBXTargetDependency */ = {
			isa = PBXTargetDependency;
			target = 65F21BCE24C3E73D0062D930 /* youyaoqi */;
			targetProxy = 65F21BF124C3E73E0062D930 /* PBXContainerItemProxy */;
		};
/* End PBXTargetDependency section */

/* Begin PBXVariantGroup section */
		65F21BDD24C3E73E0062D930 /* LaunchScreen.storyboard */ = {
			isa = PBXVariantGroup;
			children = (
				65F21BDE24C3E73E0062D930 /* Base */,
			);
			name = LaunchScreen.storyboard;
			sourceTree = "<group>";
		};
/* End PBXVariantGroup section */

/* Begin XCBuildConfiguration section */
		65F21BF724C3E73E0062D930 /* Debug */ = {
			isa = XCBuildConfiguration;
			buildSettings = {
				ALWAYS_SEARCH_USER_PATHS = NO;
				CLANG_ANALYZER_NONNULL = YES;
				CLANG_ANALYZER_NUMBER_OBJECT_CONVERSION = YES_AGGRESSIVE;
				CLANG_CXX_LANGUAGE_STANDARD = "gnu++14";
				CLANG_CXX_LIBRARY = "libc++";
				CLANG_ENABLE_MODULES = YES;
				CLANG_ENABLE_OBJC_ARC = YES;
				CLANG_ENABLE_OBJC_WEAK = YES;
				CLANG_WARN_BLOCK_CAPTURE_AUTORELEASING = YES;
				CLANG_WARN_BOOL_CONVERSION = YES;
				CLANG_WARN_COMMA = YES;
				CLANG_WARN_CONSTANT_CONVERSION = YES;
				CLANG_WARN_DEPRECATED_OBJC_IMPLEMENTATIONS = YES;
				CLANG_WARN_DIRECT_OBJC_ISA_USAGE = YES_ERROR;
				CLANG_WARN_DOCUMENTATION_COMMENTS = YES;
				CLANG_WARN_EMPTY_BODY = YES;
				CLANG_WARN_ENUM_CONVERSION = YES;
				CLANG_WARN_INFINITE_RECURSION = YES;
				CLANG_WARN_INT_CONVERSION = YES;
				CLANG_WARN_NON_LITERAL_NULL_CONVERSION = YES;
				CLANG_WARN_OBJC_IMPLICIT_RETAIN_SELF = YES;
				CLANG_WARN_OBJC_LITERAL_CONVERSION = YES;
				CLANG_WARN_OBJC_ROOT_CLASS = YES_ERROR;
				CLANG_WARN_RANGE_LOOP_ANALYSIS = YES;
				CLANG_WARN_STRICT_PROTOTYPES = YES;
				CLANG_WARN_SUSPICIOUS_MOVE = YES;
				CLANG_WARN_UNGUARDED_AVAILABILITY = YES_AGGRESSIVE;
				CLANG_WARN_UNREACHABLE_CODE = YES;
				CLANG_WARN__DUPLICATE_METHOD_MATCH = YES;
				COPY_PHASE_STRIP = NO;
				DEBUG_INFORMATION_FORMAT = dwarf;
				ENABLE_STRICT_OBJC_MSGSEND = YES;
				ENABLE_TESTABILITY = YES;
				GCC_C_LANGUAGE_STANDARD = gnu11;
				GCC_DYNAMIC_NO_PIC = NO;
				GCC_NO_COMMON_BLOCKS = YES;
				GCC_OPTIMIZATION_LEVEL = 0;
				GCC_PREPROCESSOR_DEFINITIONS = (
					"DEBUG=1",
					"$(inherited)",
				);
				GCC_WARN_64_TO_32_BIT_CONVERSION = YES;
				GCC_WARN_ABOUT_RETURN_TYPE = YES_ERROR;
				GCC_WARN_UNDECLARED_SELECTOR = YES;
				GCC_WARN_UNINITIALIZED_AUTOS = YES_AGGRESSIVE;
				GCC_WARN_UNUSED_FUNCTION = YES;
				GCC_WARN_UNUSED_VARIABLE = YES;
				IPHONEOS_DEPLOYMENT_TARGET = 13.1;
				MTL_ENABLE_DEBUG_INFO = INCLUDE_SOURCE;
				MTL_FAST_MATH = YES;
				ONLY_ACTIVE_ARCH = YES;
				SDKROOT = iphoneos;
				SWIFT_ACTIVE_COMPILATION_CONDITIONS = DEBUG;
				SWIFT_OPTIMIZATION_LEVEL = "-Onone";
			};
			name = Debug;
		};
		65F21BF824C3E73E0062D930 /* Release */ = {
			isa = XCBuildConfiguration;
			buildSettings = {
				ALWAYS_SEARCH_USER_PATHS = NO;
				CLANG_ANALYZER_NONNULL = YES;
				CLANG_ANALYZER_NUMBER_OBJECT_CONVERSION = YES_AGGRESSIVE;
				CLANG_CXX_LANGUAGE_STANDARD = "gnu++14";
				CLANG_CXX_LIBRARY = "libc++";
				CLANG_ENABLE_MODULES = YES;
				CLANG_ENABLE_OBJC_ARC = YES;
				CLANG_ENABLE_OBJC_WEAK = YES;
				CLANG_WARN_BLOCK_CAPTURE_AUTORELEASING = YES;
				CLANG_WARN_BOOL_CONVERSION = YES;
				CLANG_WARN_COMMA = YES;
				CLANG_WARN_CONSTANT_CONVERSION = YES;
				CLANG_WARN_DEPRECATED_OBJC_IMPLEMENTATIONS = YES;
				CLANG_WARN_DIRECT_OBJC_ISA_USAGE = YES_ERROR;
				CLANG_WARN_DOCUMENTATION_COMMENTS = YES;
				CLANG_WARN_EMPTY_BODY = YES;
				CLANG_WARN_ENUM_CONVERSION = YES;
				CLANG_WARN_INFINITE_RECURSION = YES;
				CLANG_WARN_INT_CONVERSION = YES;
				CLANG_WARN_NON_LITERAL_NULL_CONVERSION = YES;
				CLANG_WARN_OBJC_IMPLICIT_RETAIN_SELF = YES;
				CLANG_WARN_OBJC_LITERAL_CONVERSION = YES;
				CLANG_WARN_OBJC_ROOT_CLASS = YES_ERROR;
				CLANG_WARN_RANGE_LOOP_ANALYSIS = YES;
				CLANG_WARN_STRICT_PROTOTYPES = YES;
				CLANG_WARN_SUSPICIOUS_MOVE = YES;
				CLANG_WARN_UNGUARDED_AVAILABILITY = YES_AGGRESSIVE;
				CLANG_WARN_UNREACHABLE_CODE = YES;
				CLANG_WARN__DUPLICATE_METHOD_MATCH = YES;
				COPY_PHASE_STRIP = NO;
				DEBUG_INFORMATION_FORMAT = "dwarf-with-dsym";
				ENABLE_NS_ASSERTIONS = NO;
				ENABLE_STRICT_OBJC_MSGSEND = YES;
				GCC_C_LANGUAGE_STANDARD = gnu11;
				GCC_NO_COMMON_BLOCKS = YES;
				GCC_WARN_64_TO_32_BIT_CONVERSION = YES;
				GCC_WARN_ABOUT_RETURN_TYPE = YES_ERROR;
				GCC_WARN_UNDECLARED_SELECTOR = YES;
				GCC_WARN_UNINITIALIZED_AUTOS = YES_AGGRESSIVE;
				GCC_WARN_UNUSED_FUNCTION = YES;
				GCC_WARN_UNUSED_VARIABLE = YES;
				IPHONEOS_DEPLOYMENT_TARGET = 13.1;
				MTL_ENABLE_DEBUG_INFO = NO;
				MTL_FAST_MATH = YES;
				SDKROOT = iphoneos;
				SWIFT_COMPILATION_MODE = wholemodule;
				SWIFT_OPTIMIZATION_LEVEL = "-O";
				VALIDATE_PRODUCT = YES;
			};
			name = Release;
		};
		65F21BFA24C3E73E0062D930 /* Debug */ = {
			isa = XCBuildConfiguration;
			baseConfigurationReference = D894F94FDD87EE94810986B7 /* Pods-youyaoqi.debug.xcconfig */;
			buildSettings = {
				ASSETCATALOG_COMPILER_APPICON_NAME = AppIcon;
				CODE_SIGN_STYLE = Automatic;
				DEVELOPMENT_ASSET_PATHS = "\"youyaoqi/Preview Content\"";
				DEVELOPMENT_TEAM = "";
				ENABLE_PREVIEWS = YES;
				INFOPLIST_FILE = youyaoqi/Info.plist;
				IPHONEOS_DEPLOYMENT_TARGET = 13.0;
				LD_RUNPATH_SEARCH_PATHS = (
					"$(inherited)",
					"@executable_path/Frameworks",
				);
				PRODUCT_BUNDLE_IDENTIFIER = com.lucio.youyaoqi;
				PRODUCT_NAME = "$(TARGET_NAME)";
				SWIFT_VERSION = 5.0;
				TARGETED_DEVICE_FAMILY = 1;
			};
			name = Debug;
		};
		65F21BFB24C3E73E0062D930 /* Release */ = {
			isa = XCBuildConfiguration;
			baseConfigurationReference = DBD9B1FA68F93FB12B957E12 /* Pods-youyaoqi.release.xcconfig */;
			buildSettings = {
				ASSETCATALOG_COMPILER_APPICON_NAME = AppIcon;
				CODE_SIGN_STYLE = Automatic;
				DEVELOPMENT_ASSET_PATHS = "\"youyaoqi/Preview Content\"";
				DEVELOPMENT_TEAM = "";
				ENABLE_PREVIEWS = YES;
				INFOPLIST_FILE = youyaoqi/Info.plist;
				IPHONEOS_DEPLOYMENT_TARGET = 13.0;
				LD_RUNPATH_SEARCH_PATHS = (
					"$(inherited)",
					"@executable_path/Frameworks",
				);
				PRODUCT_BUNDLE_IDENTIFIER = com.lucio.youyaoqi;
				PRODUCT_NAME = "$(TARGET_NAME)";
				SWIFT_VERSION = 5.0;
				TARGETED_DEVICE_FAMILY = 1;
			};
			name = Release;
		};
		65F21BFD24C3E73E0062D930 /* Debug */ = {
			isa = XCBuildConfiguration;
			buildSettings = {
				ALWAYS_EMBED_SWIFT_STANDARD_LIBRARIES = YES;
				BUNDLE_LOADER = "$(TEST_HOST)";
				CODE_SIGN_STYLE = Automatic;
				DEVELOPMENT_TEAM = E7UZHBF7AY;
				INFOPLIST_FILE = youyaoqiTests/Info.plist;
				IPHONEOS_DEPLOYMENT_TARGET = 13.1;
				LD_RUNPATH_SEARCH_PATHS = (
					"$(inherited)",
					"@executable_path/Frameworks",
					"@loader_path/Frameworks",
				);
				PRODUCT_BUNDLE_IDENTIFIER = com.lucio.youyaoqiTests;
				PRODUCT_NAME = "$(TARGET_NAME)";
				SWIFT_VERSION = 5.0;
				TARGETED_DEVICE_FAMILY = "1,2";
				TEST_HOST = "$(BUILT_PRODUCTS_DIR)/youyaoqi.app/youyaoqi";
			};
			name = Debug;
		};
		65F21BFE24C3E73E0062D930 /* Release */ = {
			isa = XCBuildConfiguration;
			buildSettings = {
				ALWAYS_EMBED_SWIFT_STANDARD_LIBRARIES = YES;
				BUNDLE_LOADER = "$(TEST_HOST)";
				CODE_SIGN_STYLE = Automatic;
				DEVELOPMENT_TEAM = E7UZHBF7AY;
				INFOPLIST_FILE = youyaoqiTests/Info.plist;
				IPHONEOS_DEPLOYMENT_TARGET = 13.1;
				LD_RUNPATH_SEARCH_PATHS = (
					"$(inherited)",
					"@executable_path/Frameworks",
					"@loader_path/Frameworks",
				);
				PRODUCT_BUNDLE_IDENTIFIER = com.lucio.youyaoqiTests;
				PRODUCT_NAME = "$(TARGET_NAME)";
				SWIFT_VERSION = 5.0;
				TARGETED_DEVICE_FAMILY = "1,2";
				TEST_HOST = "$(BUILT_PRODUCTS_DIR)/youyaoqi.app/youyaoqi";
			};
			name = Release;
		};
		65F21C0024C3E73E0062D930 /* Debug */ = {
			isa = XCBuildConfiguration;
			buildSettings = {
				ALWAYS_EMBED_SWIFT_STANDARD_LIBRARIES = YES;
				CODE_SIGN_STYLE = Automatic;
				DEVELOPMENT_TEAM = E7UZHBF7AY;
				INFOPLIST_FILE = youyaoqiUITests/Info.plist;
				LD_RUNPATH_SEARCH_PATHS = (
					"$(inherited)",
					"@executable_path/Frameworks",
					"@loader_path/Frameworks",
				);
				PRODUCT_BUNDLE_IDENTIFIER = com.lucio.youyaoqiUITests;
				PRODUCT_NAME = "$(TARGET_NAME)";
				SWIFT_VERSION = 5.0;
				TARGETED_DEVICE_FAMILY = "1,2";
				TEST_TARGET_NAME = youyaoqi;
			};
			name = Debug;
		};
		65F21C0124C3E73E0062D930 /* Release */ = {
			isa = XCBuildConfiguration;
			buildSettings = {
				ALWAYS_EMBED_SWIFT_STANDARD_LIBRARIES = YES;
				CODE_SIGN_STYLE = Automatic;
				DEVELOPMENT_TEAM = E7UZHBF7AY;
				INFOPLIST_FILE = youyaoqiUITests/Info.plist;
				LD_RUNPATH_SEARCH_PATHS = (
					"$(inherited)",
					"@executable_path/Frameworks",
					"@loader_path/Frameworks",
				);
				PRODUCT_BUNDLE_IDENTIFIER = com.lucio.youyaoqiUITests;
				PRODUCT_NAME = "$(TARGET_NAME)";
				SWIFT_VERSION = 5.0;
				TARGETED_DEVICE_FAMILY = "1,2";
				TEST_TARGET_NAME = youyaoqi;
			};
			name = Release;
		};
/* End XCBuildConfiguration section */

/* Begin XCConfigurationList section */
		65F21BCA24C3E73D0062D930 /* Build configuration list for PBXProject "youyaoqi" */ = {
			isa = XCConfigurationList;
			buildConfigurations = (
				65F21BF724C3E73E0062D930 /* Debug */,
				65F21BF824C3E73E0062D930 /* Release */,
			);
			defaultConfigurationIsVisible = 0;
			defaultConfigurationName = Release;
		};
		65F21BF924C3E73E0062D930 /* Build configuration list for PBXNativeTarget "youyaoqi" */ = {
			isa = XCConfigurationList;
			buildConfigurations = (
				65F21BFA24C3E73E0062D930 /* Debug */,
				65F21BFB24C3E73E0062D930 /* Release */,
			);
			defaultConfigurationIsVisible = 0;
			defaultConfigurationName = Release;
		};
		65F21BFC24C3E73E0062D930 /* Build configuration list for PBXNativeTarget "youyaoqiTests" */ = {
			isa = XCConfigurationList;
			buildConfigurations = (
				65F21BFD24C3E73E0062D930 /* Debug */,
				65F21BFE24C3E73E0062D930 /* Release */,
			);
			defaultConfigurationIsVisible = 0;
			defaultConfigurationName = Release;
		};
		65F21BFF24C3E73E0062D930 /* Build configuration list for PBXNativeTarget "youyaoqiUITests" */ = {
			isa = XCConfigurationList;
			buildConfigurations = (
				65F21C0024C3E73E0062D930 /* Debug */,
				65F21C0124C3E73E0062D930 /* Release */,
			);
			defaultConfigurationIsVisible = 0;
			defaultConfigurationName = Release;
		};
/* End XCConfigurationList section */
	};
	rootObject = 65F21BC724C3E73D0062D930 /* Project object */;
}
